
Microsoft Visual Studio Solution File, Format Version 12.00
# Visual Studio 15
VisualStudioVersion = 15.0.26730.16
MinimumVisualStudioVersion = 10.0.40219.1
Project("{FAE04EC0-301F-11D3-BF4B-00C04F79EFBC}") = "WebApplication1", "WebApplication1\WebApplication1.csproj", "{1DC29527-2AA0-4697-B440-B28A5E78CBD1}"
EndProject
Project("{FAE04EC0-301F-11D3-BF4B-00C04F79EFBC}") = "WebApplication2", "WebApplication2\WebApplication2.csproj", "{FA3924C8-B9C7-43DA-AFF4-051B431DE64F}"
EndProject
Global
	GlobalSection(SolutionConfigurationPlatforms) = preSolution
		Debug|Any CPU = Debug|Any CPU
		Release|Any CPU = Release|Any CPU
	EndGlobalSection
	GlobalSection(ProjectConfigurationPlatforms) = postSolution
		{1DC29527-2AA0-4697-B440-B28A5E78CBD1}.Debug|Any CPU.ActiveCfg = Debug|Any CPU
		{1DC29527-2AA0-4697-B440-B28A5E78CBD1}.Debug|Any CPU.Build.0 = Debug|Any CPU
		{1DC29527-2AA0-4697-B440-B28A5E78CBD1}.Release|Any CPU.ActiveCfg = Release|Any CPU
		{1DC29527-2AA0-4697-B440-B28A5E78CBD1}.Release|Any CPU.Build.0 = Release|Any CPU
		{FA3924C8-B9C7-43DA-AFF4-051B431DE64F}.Debug|Any CPU.ActiveCfg = Debug|Any CPU
		{FA3924C8-B9C7-43DA-AFF4-051B431DE64F}.Debug|Any CPU.Build.0 = Debug|Any CPU
		{FA3924C8-B9C7-43DA-AFF4-051B431DE64F}.Release|Any CPU.ActiveCfg = Release|Any CPU
		{FA3924C8-B9C7-43DA-AFF4-051B431DE64F}.Release|Any CPU.Build.0 = Release|Any CPU
	EndGlobalSection
	GlobalSection(SolutionProperties) = preSolution
		HideSolutionNode = FALSE
	EndGlobalSection
	GlobalSection(ExtensibilityGlobals) = postSolution
		SolutionGuid = {6C98B2AD-B3E2-4B34-8A68-8E56FCC0C92B}
	EndGlobalSection
EndGlobal
